
Microsoft Visual Studio Solution File, Format Version 12.00
# Visual Studio 15
VisualStudioVersion = 15.0.27004.2005
MinimumVisualStudioVersion = 10.0.40219.1
Project("{FAE04EC0-301F-11D3-BF4B-00C04F79EFBC}") = "SraCRM", "SraCRM\SraCRM.csproj", "{505385A7-C5EB-4149-8421-35FCC2EC6DC3}"
EndProject
Project("{FAE04EC0-301F-11D3-BF4B-00C04F79EFBC}") = "LinhNguyen.Repository", "LinhNguyen.Repository\LinhNguyen.Repository.csproj", "{BA02842F-39C1-4D8D-B519-0F62A4AEFC05}"
EndProject
Project("{FAE04EC0-301F-11D3-BF4B-00C04F79EFBC}") = "LinhNguyen.DTO", "LinhNguyen.DTO\LinhNguyen.DTO.csproj", "{7EDA15A0-18A7-4713-AAEE-E9A78D247463}"
EndProject
Project("{FAE04EC0-301F-11D3-BF4B-00C04F79EFBC}") = "LinhNguyen.Constants", "LinhNguyen.Constants\LinhNguyen.Constants.csproj", "{002921EE-A42E-42C3-B34B-933F268EBF68}"
EndProject
Project("{FAE04EC0-301F-11D3-BF4B-00C04F79EFBC}") = "ClientMvc", "ClientMvc\ClientMvc.csproj", "{C8066B3A-200B-4F85-9C7C-8604BEC86EE7}"
EndProject
Project("{FAE04EC0-301F-11D3-BF4B-00C04F79EFBC}") = "WebApplication", "WebApplication\WebApplication.csproj", "{4021AAA2-5E02-43B6-9485-B11E43D39710}"
EndProject
Global
	GlobalSection(SolutionConfigurationPlatforms) = preSolution
		Debug|Any CPU = Debug|Any CPU
		Release|Any CPU = Release|Any CPU
	EndGlobalSection
	GlobalSection(ProjectConfigurationPlatforms) = postSolution
		{505385A7-C5EB-4149-8421-35FCC2EC6DC3}.Debug|Any CPU.ActiveCfg = Debug|Any CPU
		{505385A7-C5EB-4149-8421-35FCC2EC6DC3}.Debug|Any CPU.Build.0 = Debug|Any CPU
		{505385A7-C5EB-4149-8421-35FCC2EC6DC3}.Release|Any CPU.ActiveCfg = Release|Any CPU
		{505385A7-C5EB-4149-8421-35FCC2EC6DC3}.Release|Any CPU.Build.0 = Release|Any CPU
		{BA02842F-39C1-4D8D-B519-0F62A4AEFC05}.Debug|Any CPU.ActiveCfg = Debug|Any CPU
		{BA02842F-39C1-4D8D-B519-0F62A4AEFC05}.Debug|Any CPU.Build.0 = Debug|Any CPU
		{BA02842F-39C1-4D8D-B519-0F62A4AEFC05}.Release|Any CPU.ActiveCfg = Release|Any CPU
		{BA02842F-39C1-4D8D-B519-0F62A4AEFC05}.Release|Any CPU.Build.0 = Release|Any CPU
		{7EDA15A0-18A7-4713-AAEE-E9A78D247463}.Debug|Any CPU.ActiveCfg = Debug|Any CPU
		{7EDA15A0-18A7-4713-AAEE-E9A78D247463}.Debug|Any CPU.Build.0 = Debug|Any CPU
		{7EDA15A0-18A7-4713-AAEE-E9A78D247463}.Release|Any CPU.ActiveCfg = Release|Any CPU
		{7EDA15A0-18A7-4713-AAEE-E9A78D247463}.Release|Any CPU.Build.0 = Release|Any CPU
		{002921EE-A42E-42C3-B34B-933F268EBF68}.Debug|Any CPU.ActiveCfg = Debug|Any CPU
		{002921EE-A42E-42C3-B34B-933F268EBF68}.Debug|Any CPU.Build.0 = Debug|Any CPU
		{002921EE-A42E-42C3-B34B-933F268EBF68}.Release|Any CPU.ActiveCfg = Release|Any CPU
		{002921EE-A42E-42C3-B34B-933F268EBF68}.Release|Any CPU.Build.0 = Release|Any CPU
		{C8066B3A-200B-4F85-9C7C-8604BEC86EE7}.Debug|Any CPU.ActiveCfg = Debug|Any CPU
		{C8066B3A-200B-4F85-9C7C-8604BEC86EE7}.Debug|Any CPU.Build.0 = Debug|Any CPU
		{C8066B3A-200B-4F85-9C7C-8604BEC86EE7}.Release|Any CPU.ActiveCfg = Release|Any CPU
		{C8066B3A-200B-4F85-9C7C-8604BEC86EE7}.Release|Any CPU.Build.0 = Release|Any CPU
		{4021AAA2-5E02-43B6-9485-B11E43D39710}.Debug|Any CPU.ActiveCfg = Debug|Any CPU
		{4021AAA2-5E02-43B6-9485-B11E43D39710}.Debug|Any CPU.Build.0 = Debug|Any CPU
		{4021AAA2-5E02-43B6-9485-B11E43D39710}.Release|Any CPU.ActiveCfg = Release|Any CPU
		{4021AAA2-5E02-43B6-9485-B11E43D39710}.Release|Any CPU.Build.0 = Release|Any CPU
	EndGlobalSection
	GlobalSection(SolutionProperties) = preSolution
		HideSolutionNode = FALSE
	EndGlobalSection
	GlobalSection(ExtensibilityGlobals) = postSolution
		SolutionGuid = {28BB9CAB-A6B3-40A1-A9C0-B2B3B2A5664F}
	EndGlobalSection
EndGlobal
